
Microsoft Visual Studio Solution File, Format Version 12.00
# Visual Studio 2012
Project("{FAE04EC0-301F-11D3-BF4B-00C04F79EFBC}") = "Cache", "Cache\Cache.csproj", "{9687E9D2-F171-4929-84E3-F3F5284D272D}"
EndProject
Project("{FAE04EC0-301F-11D3-BF4B-00C04F79EFBC}") = "ZmqCachePublisher", "ZmqCachePublisher\ZmqCachePublisher.csproj", "{733D3ED5-302B-4B4B-A2DD-4F9ED6067CFC}"
EndProject
Project("{FAE04EC0-301F-11D3-BF4B-00C04F79EFBC}") = "ICache", "ICache\ICache.csproj", "{936921C6-1763-4DC3-827E-5C1EFCC0C66D}"
EndProject
Project("{FAE04EC0-301F-11D3-BF4B-00C04F79EFBC}") = "ZmqCacheSubscriber", "ZmqCacheSubscriber\ZmqCacheSubscriber.csproj", "{0A1097B8-1E1C-4F2D-A0C9-47AFE49EF994}"
EndProject
Project("{FAE04EC0-301F-11D3-BF4B-00C04F79EFBC}") = "AutoDiscovery", "AutoDiscovery\AutoDiscovery.csproj", "{15D4773C-186F-48C5-A2F1-C2ECC91C6F66}"
EndProject
Project("{2150E333-8FDC-42A3-9474-1A3956D46DE8}") = "Testing", "Testing", "{A9F4E364-C35E-4190-B609-6B95BC49DA88}"
EndProject
Project("{2150E333-8FDC-42A3-9474-1A3956D46DE8}") = "Auto Discovery", "Auto Discovery", "{150B966A-06AD-4208-89CD-04C3CA39CAEE}"
EndProject
Project("{FAE04EC0-301F-11D3-BF4B-00C04F79EFBC}") = "AutodiscoveryTester", "AutodiscoveryTester\AutodiscoveryTester.csproj", "{695C9C91-DF7D-439C-A3CB-A576AC1E9E80}"
EndProject
Project("{2150E333-8FDC-42A3-9474-1A3956D46DE8}") = "Publishing", "Publishing", "{910BD604-D9E1-4567-BBF7-E6948DEFCC53}"
EndProject
Project("{FAE04EC0-301F-11D3-BF4B-00C04F79EFBC}") = "ZmqCachePublisherTest", "ZmqCachePublisherTest\ZmqCachePublisherTest.csproj", "{38D1E3FC-828F-425F-A166-6DB4CDAFC87A}"
EndProject
Project("{2150E333-8FDC-42A3-9474-1A3956D46DE8}") = "Subscribing", "Subscribing", "{2EE369D8-399A-45BA-B81B-65C9849F99F5}"
EndProject
Project("{FAE04EC0-301F-11D3-BF4B-00C04F79EFBC}") = "ZmqCacheSubscriberTest", "ZmqCacheSubscriberTest\ZmqCacheSubscriberTest.csproj", "{EBB8611C-0554-4BAF-A70A-75D95646CF67}"
EndProject
Project("{2150E333-8FDC-42A3-9474-1A3956D46DE8}") = "Publishers", "Publishers", "{B0EC2D27-3702-4A47-873C-11524EABEE68}"
EndProject
Project("{2150E333-8FDC-42A3-9474-1A3956D46DE8}") = "Subscribers", "Subscribers", "{E36F8E91-D6A3-405D-AF10-B6785B8B3AD9}"
EndProject
Project("{FAE04EC0-301F-11D3-BF4B-00C04F79EFBC}") = "SignalRPublisher", "SignalRPublisher\SignalRPublisher.csproj", "{0794F77D-392F-4E8A-9C10-1EDF40308884}"
EndProject
Project("{2150E333-8FDC-42A3-9474-1A3956D46DE8}") = "Cache", "Cache", "{74D4F15C-0E07-4203-A346-101DB6C67D57}"
EndProject
Project("{FAE04EC0-301F-11D3-BF4B-00C04F79EFBC}") = "CacheTester", "CacheTester\CacheTester.csproj", "{3EE252B3-5587-4E5B-B53A-BB32905FC0AA}"
EndProject
Global
	GlobalSection(SubversionScc) = preSolution
		Svn-Managed = True
		Manager = AnkhSVN - Subversion Support for Visual Studio
	EndGlobalSection
	GlobalSection(SolutionConfigurationPlatforms) = preSolution
		Debug|Any CPU = Debug|Any CPU
		Release|Any CPU = Release|Any CPU
	EndGlobalSection
	GlobalSection(ProjectConfigurationPlatforms) = postSolution
		{9687E9D2-F171-4929-84E3-F3F5284D272D}.Debug|Any CPU.ActiveCfg = Debug|Any CPU
		{9687E9D2-F171-4929-84E3-F3F5284D272D}.Debug|Any CPU.Build.0 = Debug|Any CPU
		{9687E9D2-F171-4929-84E3-F3F5284D272D}.Release|Any CPU.ActiveCfg = Release|Any CPU
		{9687E9D2-F171-4929-84E3-F3F5284D272D}.Release|Any CPU.Build.0 = Release|Any CPU
		{733D3ED5-302B-4B4B-A2DD-4F9ED6067CFC}.Debug|Any CPU.ActiveCfg = Debug|Any CPU
		{733D3ED5-302B-4B4B-A2DD-4F9ED6067CFC}.Debug|Any CPU.Build.0 = Debug|Any CPU
		{733D3ED5-302B-4B4B-A2DD-4F9ED6067CFC}.Release|Any CPU.ActiveCfg = Release|Any CPU
		{733D3ED5-302B-4B4B-A2DD-4F9ED6067CFC}.Release|Any CPU.Build.0 = Release|Any CPU
		{936921C6-1763-4DC3-827E-5C1EFCC0C66D}.Debug|Any CPU.ActiveCfg = Debug|Any CPU
		{936921C6-1763-4DC3-827E-5C1EFCC0C66D}.Debug|Any CPU.Build.0 = Debug|Any CPU
		{936921C6-1763-4DC3-827E-5C1EFCC0C66D}.Release|Any CPU.ActiveCfg = Release|Any CPU
		{936921C6-1763-4DC3-827E-5C1EFCC0C66D}.Release|Any CPU.Build.0 = Release|Any CPU
		{0A1097B8-1E1C-4F2D-A0C9-47AFE49EF994}.Debug|Any CPU.ActiveCfg = Debug|Any CPU
		{0A1097B8-1E1C-4F2D-A0C9-47AFE49EF994}.Debug|Any CPU.Build.0 = Debug|Any CPU
		{0A1097B8-1E1C-4F2D-A0C9-47AFE49EF994}.Release|Any CPU.ActiveCfg = Release|Any CPU
		{0A1097B8-1E1C-4F2D-A0C9-47AFE49EF994}.Release|Any CPU.Build.0 = Release|Any CPU
		{15D4773C-186F-48C5-A2F1-C2ECC91C6F66}.Debug|Any CPU.ActiveCfg = Debug|Any CPU
		{15D4773C-186F-48C5-A2F1-C2ECC91C6F66}.Debug|Any CPU.Build.0 = Debug|Any CPU
		{15D4773C-186F-48C5-A2F1-C2ECC91C6F66}.Release|Any CPU.ActiveCfg = Release|Any CPU
		{15D4773C-186F-48C5-A2F1-C2ECC91C6F66}.Release|Any CPU.Build.0 = Release|Any CPU
		{695C9C91-DF7D-439C-A3CB-A576AC1E9E80}.Debug|Any CPU.ActiveCfg = Debug|Any CPU
		{695C9C91-DF7D-439C-A3CB-A576AC1E9E80}.Debug|Any CPU.Build.0 = Debug|Any CPU
		{695C9C91-DF7D-439C-A3CB-A576AC1E9E80}.Release|Any CPU.ActiveCfg = Release|Any CPU
		{695C9C91-DF7D-439C-A3CB-A576AC1E9E80}.Release|Any CPU.Build.0 = Release|Any CPU
		{38D1E3FC-828F-425F-A166-6DB4CDAFC87A}.Debug|Any CPU.ActiveCfg = Debug|Any CPU
		{38D1E3FC-828F-425F-A166-6DB4CDAFC87A}.Debug|Any CPU.Build.0 = Debug|Any CPU
		{38D1E3FC-828F-425F-A166-6DB4CDAFC87A}.Release|Any CPU.ActiveCfg = Release|Any CPU
		{38D1E3FC-828F-425F-A166-6DB4CDAFC87A}.Release|Any CPU.Build.0 = Release|Any CPU
		{EBB8611C-0554-4BAF-A70A-75D95646CF67}.Debug|Any CPU.ActiveCfg = Debug|Any CPU
		{EBB8611C-0554-4BAF-A70A-75D95646CF67}.Debug|Any CPU.Build.0 = Debug|Any CPU
		{EBB8611C-0554-4BAF-A70A-75D95646CF67}.Release|Any CPU.ActiveCfg = Release|Any CPU
		{EBB8611C-0554-4BAF-A70A-75D95646CF67}.Release|Any CPU.Build.0 = Release|Any CPU
		{0794F77D-392F-4E8A-9C10-1EDF40308884}.Debug|Any CPU.ActiveCfg = Debug|Any CPU
		{0794F77D-392F-4E8A-9C10-1EDF40308884}.Debug|Any CPU.Build.0 = Debug|Any CPU
		{0794F77D-392F-4E8A-9C10-1EDF40308884}.Release|Any CPU.ActiveCfg = Release|Any CPU
		{0794F77D-392F-4E8A-9C10-1EDF40308884}.Release|Any CPU.Build.0 = Release|Any CPU
		{3EE252B3-5587-4E5B-B53A-BB32905FC0AA}.Debug|Any CPU.ActiveCfg = Debug|Any CPU
		{3EE252B3-5587-4E5B-B53A-BB32905FC0AA}.Debug|Any CPU.Build.0 = Debug|Any CPU
		{3EE252B3-5587-4E5B-B53A-BB32905FC0AA}.Release|Any CPU.ActiveCfg = Release|Any CPU
		{3EE252B3-5587-4E5B-B53A-BB32905FC0AA}.Release|Any CPU.Build.0 = Release|Any CPU
	EndGlobalSection
	GlobalSection(SolutionProperties) = preSolution
		HideSolutionNode = FALSE
	EndGlobalSection
	GlobalSection(NestedProjects) = preSolution
		{733D3ED5-302B-4B4B-A2DD-4F9ED6067CFC} = {B0EC2D27-3702-4A47-873C-11524EABEE68}
		{0794F77D-392F-4E8A-9C10-1EDF40308884} = {B0EC2D27-3702-4A47-873C-11524EABEE68}
		{0A1097B8-1E1C-4F2D-A0C9-47AFE49EF994} = {E36F8E91-D6A3-405D-AF10-B6785B8B3AD9}
		{150B966A-06AD-4208-89CD-04C3CA39CAEE} = {A9F4E364-C35E-4190-B609-6B95BC49DA88}
		{910BD604-D9E1-4567-BBF7-E6948DEFCC53} = {A9F4E364-C35E-4190-B609-6B95BC49DA88}
		{2EE369D8-399A-45BA-B81B-65C9849F99F5} = {A9F4E364-C35E-4190-B609-6B95BC49DA88}
		{74D4F15C-0E07-4203-A346-101DB6C67D57} = {A9F4E364-C35E-4190-B609-6B95BC49DA88}
		{695C9C91-DF7D-439C-A3CB-A576AC1E9E80} = {150B966A-06AD-4208-89CD-04C3CA39CAEE}
		{38D1E3FC-828F-425F-A166-6DB4CDAFC87A} = {910BD604-D9E1-4567-BBF7-E6948DEFCC53}
		{EBB8611C-0554-4BAF-A70A-75D95646CF67} = {2EE369D8-399A-45BA-B81B-65C9849F99F5}
		{3EE252B3-5587-4E5B-B53A-BB32905FC0AA} = {74D4F15C-0E07-4203-A346-101DB6C67D57}
	EndGlobalSection
EndGlobal
